
Microsoft Visual Studio Solution File, Format Version 12.00
# Visual Studio Version 16
VisualStudioVersion = 16.0.33027.164
MinimumVisualStudioVersion = 10.0.40219.1
Project("{FAE04EC0-301F-11D3-BF4B-00C04F79EFBC}") = "Test_0102", "Test_0102\Test_0102.csproj", "{EDE676D9-725A-4AB6-B197-6D26B06CB745}"
EndProject
Global
	GlobalSection(SolutionConfigurationPlatforms) = preSolution
		Debug|Any CPU = Debug|Any CPU
		Release|Any CPU = Release|Any CPU
	EndGlobalSection
	GlobalSection(ProjectConfigurationPlatforms) = postSolution
		{EDE676D9-725A-4AB6-B197-6D26B06CB745}.Debug|Any CPU.ActiveCfg = Debug|Any CPU
		{EDE676D9-725A-4AB6-B197-6D26B06CB745}.Debug|Any CPU.Build.0 = Debug|Any CPU
		{EDE676D9-725A-4AB6-B197-6D26B06CB745}.Release|Any CPU.ActiveCfg = Release|Any CPU
		{EDE676D9-725A-4AB6-B197-6D26B06CB745}.Release|Any CPU.Build.0 = Release|Any CPU
	EndGlobalSection
	GlobalSection(SolutionProperties) = preSolution
		HideSolutionNode = FALSE
	EndGlobalSection
	GlobalSection(ExtensibilityGlobals) = postSolution
		SolutionGuid = {CADB933D-F8FD-44E5-B3D6-0CE6B35731E1}
	EndGlobalSection
EndGlobal
